
Microsoft Visual Studio Solution File, Format Version 12.00
# Visual Studio Version 17
VisualStudioVersion = 17.10.35013.160
MinimumVisualStudioVersion = 10.0.40219.1
Project("{FAE04EC0-301F-11D3-BF4B-00C04F79EFBC}") = "ShineTimerTests", "ShineTimerTests\ShineTimerTests.csproj", "{222BC2FE-B54C-4CAB-812D-3CB8AC3ADC27}"
EndProject
Global
	GlobalSection(SolutionConfigurationPlatforms) = preSolution
		Debug|Any CPU = Debug|Any CPU
		Release|Any CPU = Release|Any CPU
	EndGlobalSection
	GlobalSection(ProjectConfigurationPlatforms) = postSolution
		{222BC2FE-B54C-4CAB-812D-3CB8AC3ADC27}.Debug|Any CPU.ActiveCfg = Debug|Any CPU
		{222BC2FE-B54C-4CAB-812D-3CB8AC3ADC27}.Debug|Any CPU.Build.0 = Debug|Any CPU
		{222BC2FE-B54C-4CAB-812D-3CB8AC3ADC27}.Release|Any CPU.ActiveCfg = Release|Any CPU
		{222BC2FE-B54C-4CAB-812D-3CB8AC3ADC27}.Release|Any CPU.Build.0 = Release|Any CPU
	EndGlobalSection
	GlobalSection(SolutionProperties) = preSolution
		HideSolutionNode = FALSE
	EndGlobalSection
	GlobalSection(ExtensibilityGlobals) = postSolution
		SolutionGuid = {DA8E1097-F723-4BFC-BE8A-6BA0E6BB21CA}
	EndGlobalSection
EndGlobal
